
Microsoft Visual Studio Solution File, Format Version 12.00
# Visual Studio Version 16
VisualStudioVersion = 16.0.29306.81
MinimumVisualStudioVersion = 10.0.40219.1
Project("{FAE04EC0-301F-11D3-BF4B-00C04F79EFBC}") = "ZorkBuilderForm.WinForms", "ZorkBuilderForm\ZorkBuilderForm.WinForms.csproj", "{DD77958D-A0F5-41D6-8DB8-6BA171BB59AB}"
EndProject
Project("{9A19103F-16F7-4668-BE54-9A1E7A4F7556}") = "ZorkBuilder.Data", "ZorkBuilder.Data\ZorkBuilder.Data.csproj", "{63539B26-F11B-459A-AD60-57B49CDF6BE9}"
EndProject
Global
	GlobalSection(SolutionConfigurationPlatforms) = preSolution
		Debug|Any CPU = Debug|Any CPU
		Release|Any CPU = Release|Any CPU
	EndGlobalSection
	GlobalSection(ProjectConfigurationPlatforms) = postSolution
		{DD77958D-A0F5-41D6-8DB8-6BA171BB59AB}.Debug|Any CPU.ActiveCfg = Debug|Any CPU
		{DD77958D-A0F5-41D6-8DB8-6BA171BB59AB}.Debug|Any CPU.Build.0 = Debug|Any CPU
		{DD77958D-A0F5-41D6-8DB8-6BA171BB59AB}.Release|Any CPU.ActiveCfg = Release|Any CPU
		{DD77958D-A0F5-41D6-8DB8-6BA171BB59AB}.Release|Any CPU.Build.0 = Release|Any CPU
		{63539B26-F11B-459A-AD60-57B49CDF6BE9}.Debug|Any CPU.ActiveCfg = Debug|Any CPU
		{63539B26-F11B-459A-AD60-57B49CDF6BE9}.Debug|Any CPU.Build.0 = Debug|Any CPU
		{63539B26-F11B-459A-AD60-57B49CDF6BE9}.Release|Any CPU.ActiveCfg = Release|Any CPU
		{63539B26-F11B-459A-AD60-57B49CDF6BE9}.Release|Any CPU.Build.0 = Release|Any CPU
	EndGlobalSection
	GlobalSection(SolutionProperties) = preSolution
		HideSolutionNode = FALSE
	EndGlobalSection
	GlobalSection(ExtensibilityGlobals) = postSolution
		SolutionGuid = {173724B6-5E4A-437C-BB8B-3BE0AA407376}
	EndGlobalSection
EndGlobal
